# THIS IS AN AUTOGENERATED FILE. DO NOT EDIT THIS FILE DIRECTLY.
# yarn lockfile v1


"@twind/preact@^1.0.5":
  version "1.0.5"
  resolved "https://registry.yarnpkg.com/@twind/preact/-/preact-1.0.5.tgz#8fbbad16bf756d63e73b44f4c6dd7ef5a56144e9"
  integrity sha512-VG4ja6EHOWUs0mVsKMfGobAC6C7NTJOVjirgQERXXqcbevlu1HU+vckNlBntlftq0c6LXHEpzwbghM3o42N/fw==

"@twind/wmr@^1.0.5":
  version "1.0.9"
  resolved "https://registry.yarnpkg.com/@twind/wmr/-/wmr-1.0.9.tgz#a268db9f400ad55c3466336ef3b38635f39514eb"
  integrity sha512-+qcx4r6KZnC/DsFIYe9iwAmuWjX5pFjN0pWxMlwFFgJJtxBsKG3xXOfo1urA2T2YCjTWoGebTqpQQhi19so6EQ==
  dependencies:
    "@twind/preact" "^1.0.5"

csstype@^3.0.5:
  version "3.0.10"
  resolved "https://registry.yarnpkg.com/csstype/-/csstype-3.0.10.tgz#2ad3a7bed70f35b965707c092e5f30b327c290e5"
  integrity sha512-2u44ZG2OcNUO9HDp/Jl8C07x6pU/eTR3ncV91SiK3dhG9TWvRVsCoJw14Ckx5DgWkzGA3waZWO3d7pgqpUI/XA==

dom-serializer@^1.0.1:
  version "1.3.2"
  resolved "https://registry.yarnpkg.com/dom-serializer/-/dom-serializer-1.3.2.tgz#6206437d32ceefaec7161803230c7a20bc1b4d91"
  integrity sha512-5c54Bk5Dw4qAxNOI1pFEizPSjVsx5+bpJKmL2kPn8JhBUq2q09tTCa3mjijun2NfK78NMouDYNMBkOrPZiS+ig==
  dependencies:
    domelementtype "^2.0.1"
    domhandler "^4.2.0"
    entities "^2.0.0"

domelementtype@^2.0.1, domelementtype@^2.2.0:
  version "2.2.0"
  resolved "https://registry.yarnpkg.com/domelementtype/-/domelementtype-2.2.0.tgz#9a0b6c2782ed6a1c7323d42267183df9bd8b1d57"
  integrity sha512-DtBMo82pv1dFtUmHyr48beiuq792Sxohr+8Hm9zoxklYPfa6n0Z3Byjj2IV7bmr2IyqClnqEQhfgHJJ5QF0R5A==

domhandler@^4.0.0, domhandler@^4.2.0:
  version "4.3.0"
  resolved "https://registry.yarnpkg.com/domhandler/-/domhandler-4.3.0.tgz#16c658c626cf966967e306f966b431f77d4a5626"
  integrity sha512-fC0aXNQXqKSFTr2wDNZDhsEYjCiYsDWl3D01kwt25hm1YIPyDGHvvi3rw+PLqHAl/m71MaiF7d5zvBr0p5UB2g==
  dependencies:
    domelementtype "^2.2.0"

domutils@^2.5.2:
  version "2.8.0"
  resolved "https://registry.yarnpkg.com/domutils/-/domutils-2.8.0.tgz#4437def5db6e2d1f5d6ee859bd95ca7d02048135"
  integrity sha512-w96Cjofp72M5IIhpjgobBimYEfoPjx1Vx0BSX9P30WBdZW2WIKU0T1Bd0kz2eNZ9ikjKgHbEyKx8BB6H1L3h3A==
  dependencies:
    dom-serializer "^1.0.1"
    domelementtype "^2.2.0"
    domhandler "^4.2.0"

entities@^2.0.0:
  version "2.2.0"
  resolved "https://registry.yarnpkg.com/entities/-/entities-2.2.0.tgz#098dc90ebb83d8dffa089d55256b351d34c4da55"
  integrity sha512-p92if5Nz619I0w+akJrLZH0MX0Pb5DX39XOwQTtXSdQQOaYH03S1uIQp4mhOZtAXrxq4ViO67YTiLBo2638o9A==

fsevents@^2.1.3:
  version "2.3.2"
  resolved "https://registry.yarnpkg.com/fsevents/-/fsevents-2.3.2.tgz#8a526f78b8fdf4623b709e0b975c52c24c02fd1a"
  integrity sha512-xiqMQR4xAeHTuB9uWm+fFRcIOgKBMiOBP+eXiyT7jsgVCq1bkVygt00oASowB7EdtpOHaaPgKt812P9ab+DDKA==

htmlparser2@^6.0.0:
  version "6.1.0"
  resolved "https://registry.yarnpkg.com/htmlparser2/-/htmlparser2-6.1.0.tgz#c4d762b6c3371a05dbe65e94ae43a9f845fb8fb7"
  integrity sha512-gyyPk6rgonLFEDGoeRgQNaEUvdJ4ktTmmUh/h2t7s+M8oPpIPxgNACWa+6ESR57kXstwqPiCut0V8NRpcwgU7A==
  dependencies:
    domelementtype "^2.0.1"
    domhandler "^4.0.0"
    domutils "^2.5.2"
    entities "^2.0.0"

preact-iso@^2.3.0:
  version "2.3.0"
  resolved "https://registry.yarnpkg.com/preact-iso/-/preact-iso-2.3.0.tgz#ab6c5de28df9e0f7a0589dd2175a83ba821f69ec"
  integrity sha512-taJmRidbWrjHEhoVoxXS2Kvxa6X3jXSsTtD7rSYeJuxnPNr1ghCu1JUzCrRxmZwTUNWIqwUpNi+AJoLtvCPN7g==

preact-render-to-string@^5.1.16:
  version "5.1.19"
  resolved "https://registry.yarnpkg.com/preact-render-to-string/-/preact-render-to-string-5.1.19.tgz#ffae7c3bd1680be5ecf5991d41fe3023b3051e0e"
  integrity sha512-bj8sn/oytIKO6RtOGSS/1+5CrQyRSC99eLUnEVbqUa6MzJX5dYh7wu9bmT0d6lm/Vea21k9KhCQwvr2sYN3rrQ==
  dependencies:
    pretty-format "^3.8.0"

preact@^10.5.12:
  version "10.6.4"
  resolved "https://registry.yarnpkg.com/preact/-/preact-10.6.4.tgz#ad12c409ff1b4316158486e0a7b8d43636f7ced8"
  integrity sha512-WyosM7pxGcndU8hY0OQlLd54tOU+qmG45QXj2dAYrL11HoyU/EzOSTlpJsirbBr1QW7lICxSsVJJmcmUglovHQ==

pretty-format@^3.8.0:
  version "3.8.0"
  resolved "https://registry.yarnpkg.com/pretty-format/-/pretty-format-3.8.0.tgz#bfbed56d5e9a776645f4b1ff7aa1a3ac4fa3c385"
  integrity sha1-v77VbV6ad2ZF9LH/eqGjrE+jw4U=

style-vendorizer@^2.0.0:
  version "2.1.1"
  resolved "https://registry.yarnpkg.com/style-vendorizer/-/style-vendorizer-2.1.1.tgz#5f06601c1724cfb314fe1153e7e442c58dde771c"
  integrity sha512-gVO6Cwxtg8iX0X1W4xMhSc5WbQpiIBQDkhq3JkwebMRRgyhCfuvMrnPlTAGTRjfQPGRmzgjCOZ4drehTnLahHA==

twind@^0.16.16:
  version "0.16.16"
  resolved "https://registry.yarnpkg.com/twind/-/twind-0.16.16.tgz#76959cd21897528f9a2631a293e3381b668332ad"
  integrity sha512-UlAYjkGCdgjg4xU1SIwRW0PpG0anZrY32+kS2jYsi32yb4RuW0ttzaI1OglgwAUk/rZwzoINilnIFORzOSFZag==
  dependencies:
    csstype "^3.0.5"
    htmlparser2 "^6.0.0"
    style-vendorizer "^2.0.0"

wmr@^3.7.2:
  version "3.7.2"
  resolved "https://registry.yarnpkg.com/wmr/-/wmr-3.7.2.tgz#3d6dfb771fafc0e2119d4502aaea26ecd5963c19"
  integrity sha512-i+e/T8J067qP2pBgq6E2gaW9qMGK+D9eGue85YM0Vflc2UuzXBP3fSS5PzvyHEKuPHZWmcFBmZRs6DU9Lkr9og==
